
Microsoft Visual Studio Solution File, Format Version 12.00
# Visual Studio 14
VisualStudioVersion = 14.0.25420.1
MinimumVisualStudioVersion = 10.0.40219.1
Project("{FAE04EC0-301F-11D3-BF4B-00C04F79EFBC}") = "MonoGame RPG", "Classic RPG Framework\MonoGame RPG.csproj", "{5336DDE4-3EDC-43A1-8D89-52F0DF8B4159}"
EndProject
Project("{FAE04EC0-301F-11D3-BF4B-00C04F79EFBC}") = "Game Data", "Game Data\Game Data.csproj", "{2BDDE3E8-1559-466D-A9C4-49BF5A512F45}"
EndProject
Project("{FAE04EC0-301F-11D3-BF4B-00C04F79EFBC}") = "Game Player Library", "Game Player Library\Game Player Library.csproj", "{83210B9D-7091-4A4B-A5E1-6101B2E24D57}"
EndProject
Project("{FAE04EC0-301F-11D3-BF4B-00C04F79EFBC}") = "Game Player", "Game Player\Game Player.csproj", "{C5982455-55A2-43EC-AA0A-EEAE1900B20A}"
EndProject
Project("{FAE04EC0-301F-11D3-BF4B-00C04F79EFBC}") = "Editor", "Editor\Editor.csproj", "{0B7BBA43-F71F-49EB-A06B-DF85EE145191}"
EndProject
Project("{2150E333-8FDC-42A3-9474-1A3956D46DE8}") = "Data", "Data", "{0F157C38-9181-4FF8-92C8-2C6AB1A85386}"
	ProjectSection(SolutionItems) = preProject
		Data\world2.passable.xml = Data\world2.passable.xml
	EndProjectSection
EndProject
Project("{FAE04EC0-301F-11D3-BF4B-00C04F79EFBC}") = "Common", "Common\Common.csproj", "{72912467-9F1F-4EB8-9B8F-C45486ADA0D9}"
EndProject
Project("{2150E333-8FDC-42A3-9474-1A3956D46DE8}") = "battlebg", "battlebg", "{3A6881AE-7311-4E22-B779-CDAFBE767384}"
	ProjectSection(SolutionItems) = preProject
		Data\battlebg\1.jpg = Data\battlebg\1.jpg
		Data\battlebg\2.jpg = Data\battlebg\2.jpg
		Data\battlebg\3.jpg = Data\battlebg\3.jpg
		Data\battlebg\4.jpg = Data\battlebg\4.jpg
		Data\battlebg\5.jpg = Data\battlebg\5.jpg
		Data\battlebg\6.jpg = Data\battlebg\6.jpg
		Data\battlebg\7.jpg = Data\battlebg\7.jpg
		Data\battlebg\8.jpg = Data\battlebg\8.jpg
	EndProjectSection
EndProject
Global
	GlobalSection(SolutionConfigurationPlatforms) = preSolution
		Debug|Any CPU = Debug|Any CPU
		Debug|x86 = Debug|x86
		Release|Any CPU = Release|Any CPU
		Release|x86 = Release|x86
	EndGlobalSection
	GlobalSection(ProjectConfigurationPlatforms) = postSolution
		{5336DDE4-3EDC-43A1-8D89-52F0DF8B4159}.Debug|Any CPU.ActiveCfg = Debug|x86
		{5336DDE4-3EDC-43A1-8D89-52F0DF8B4159}.Debug|x86.ActiveCfg = Debug|x86
		{5336DDE4-3EDC-43A1-8D89-52F0DF8B4159}.Debug|x86.Build.0 = Debug|x86
		{5336DDE4-3EDC-43A1-8D89-52F0DF8B4159}.Release|Any CPU.ActiveCfg = Release|x86
		{5336DDE4-3EDC-43A1-8D89-52F0DF8B4159}.Release|x86.ActiveCfg = Release|x86
		{5336DDE4-3EDC-43A1-8D89-52F0DF8B4159}.Release|x86.Build.0 = Release|x86
		{2BDDE3E8-1559-466D-A9C4-49BF5A512F45}.Debug|Any CPU.ActiveCfg = Debug|Any CPU
		{2BDDE3E8-1559-466D-A9C4-49BF5A512F45}.Debug|Any CPU.Build.0 = Debug|Any CPU
		{2BDDE3E8-1559-466D-A9C4-49BF5A512F45}.Debug|x86.ActiveCfg = Debug|Any CPU
		{2BDDE3E8-1559-466D-A9C4-49BF5A512F45}.Debug|x86.Build.0 = Debug|Any CPU
		{2BDDE3E8-1559-466D-A9C4-49BF5A512F45}.Release|Any CPU.ActiveCfg = Release|Any CPU
		{2BDDE3E8-1559-466D-A9C4-49BF5A512F45}.Release|Any CPU.Build.0 = Release|Any CPU
		{2BDDE3E8-1559-466D-A9C4-49BF5A512F45}.Release|x86.ActiveCfg = Release|Any CPU
		{2BDDE3E8-1559-466D-A9C4-49BF5A512F45}.Release|x86.Build.0 = Release|Any CPU
		{83210B9D-7091-4A4B-A5E1-6101B2E24D57}.Debug|Any CPU.ActiveCfg = Debug|Any CPU
		{83210B9D-7091-4A4B-A5E1-6101B2E24D57}.Debug|Any CPU.Build.0 = Debug|Any CPU
		{83210B9D-7091-4A4B-A5E1-6101B2E24D57}.Debug|x86.ActiveCfg = Debug|Any CPU
		{83210B9D-7091-4A4B-A5E1-6101B2E24D57}.Debug|x86.Build.0 = Debug|Any CPU
		{83210B9D-7091-4A4B-A5E1-6101B2E24D57}.Release|Any CPU.ActiveCfg = Release|Any CPU
		{83210B9D-7091-4A4B-A5E1-6101B2E24D57}.Release|Any CPU.Build.0 = Release|Any CPU
		{83210B9D-7091-4A4B-A5E1-6101B2E24D57}.Release|x86.ActiveCfg = Release|Any CPU
		{83210B9D-7091-4A4B-A5E1-6101B2E24D57}.Release|x86.Build.0 = Release|Any CPU
		{C5982455-55A2-43EC-AA0A-EEAE1900B20A}.Debug|Any CPU.ActiveCfg = Debug|Any CPU
		{C5982455-55A2-43EC-AA0A-EEAE1900B20A}.Debug|Any CPU.Build.0 = Debug|Any CPU
		{C5982455-55A2-43EC-AA0A-EEAE1900B20A}.Debug|x86.ActiveCfg = Debug|Any CPU
		{C5982455-55A2-43EC-AA0A-EEAE1900B20A}.Debug|x86.Build.0 = Debug|Any CPU
		{C5982455-55A2-43EC-AA0A-EEAE1900B20A}.Release|Any CPU.ActiveCfg = Release|Any CPU
		{C5982455-55A2-43EC-AA0A-EEAE1900B20A}.Release|Any CPU.Build.0 = Release|Any CPU
		{C5982455-55A2-43EC-AA0A-EEAE1900B20A}.Release|x86.ActiveCfg = Release|Any CPU
		{C5982455-55A2-43EC-AA0A-EEAE1900B20A}.Release|x86.Build.0 = Release|Any CPU
		{0B7BBA43-F71F-49EB-A06B-DF85EE145191}.Debug|Any CPU.ActiveCfg = Debug|Any CPU
		{0B7BBA43-F71F-49EB-A06B-DF85EE145191}.Debug|Any CPU.Build.0 = Debug|Any CPU
		{0B7BBA43-F71F-49EB-A06B-DF85EE145191}.Debug|x86.ActiveCfg = Debug|Any CPU
		{0B7BBA43-F71F-49EB-A06B-DF85EE145191}.Debug|x86.Build.0 = Debug|Any CPU
		{0B7BBA43-F71F-49EB-A06B-DF85EE145191}.Release|Any CPU.ActiveCfg = Release|Any CPU
		{0B7BBA43-F71F-49EB-A06B-DF85EE145191}.Release|Any CPU.Build.0 = Release|Any CPU
		{0B7BBA43-F71F-49EB-A06B-DF85EE145191}.Release|x86.ActiveCfg = Release|Any CPU
		{0B7BBA43-F71F-49EB-A06B-DF85EE145191}.Release|x86.Build.0 = Release|Any CPU
		{72912467-9F1F-4EB8-9B8F-C45486ADA0D9}.Debug|Any CPU.ActiveCfg = Debug|Any CPU
		{72912467-9F1F-4EB8-9B8F-C45486ADA0D9}.Debug|Any CPU.Build.0 = Debug|Any CPU
		{72912467-9F1F-4EB8-9B8F-C45486ADA0D9}.Debug|x86.ActiveCfg = Debug|Any CPU
		{72912467-9F1F-4EB8-9B8F-C45486ADA0D9}.Debug|x86.Build.0 = Debug|Any CPU
		{72912467-9F1F-4EB8-9B8F-C45486ADA0D9}.Release|Any CPU.ActiveCfg = Release|Any CPU
		{72912467-9F1F-4EB8-9B8F-C45486ADA0D9}.Release|Any CPU.Build.0 = Release|Any CPU
		{72912467-9F1F-4EB8-9B8F-C45486ADA0D9}.Release|x86.ActiveCfg = Release|Any CPU
		{72912467-9F1F-4EB8-9B8F-C45486ADA0D9}.Release|x86.Build.0 = Release|Any CPU
	EndGlobalSection
	GlobalSection(SolutionProperties) = preSolution
		HideSolutionNode = FALSE
	EndGlobalSection
	GlobalSection(NestedProjects) = preSolution
		{3A6881AE-7311-4E22-B779-CDAFBE767384} = {0F157C38-9181-4FF8-92C8-2C6AB1A85386}
	EndGlobalSection
EndGlobal
